
Microsoft Visual Studio Solution File, Format Version 12.00
# Visual Studio Version 16
VisualStudioVersion = 16.0.36602.28
MinimumVisualStudioVersion = 10.0.40219.1
Project("{FAE04EC0-301F-11D3-BF4B-00C04F79EFBC}") = "DieCenterSampleApp", "DieCenterSampleApp\DieCenterSampleApp.csproj", "{29A6BA5F-D59E-4F83-AB97-D7C43E908E15}"
EndProject
Global
	GlobalSection(SolutionConfigurationPlatforms) = preSolution
		Debug|Any CPU = Debug|Any CPU
		Release|Any CPU = Release|Any CPU
	EndGlobalSection
	GlobalSection(ProjectConfigurationPlatforms) = postSolution
		{29A6BA5F-D59E-4F83-AB97-D7C43E908E15}.Debug|Any CPU.ActiveCfg = Debug|Any CPU
		{29A6BA5F-D59E-4F83-AB97-D7C43E908E15}.Debug|Any CPU.Build.0 = Debug|Any CPU
		{29A6BA5F-D59E-4F83-AB97-D7C43E908E15}.Release|Any CPU.ActiveCfg = Release|Any CPU
		{29A6BA5F-D59E-4F83-AB97-D7C43E908E15}.Release|Any CPU.Build.0 = Release|Any CPU
	EndGlobalSection
	GlobalSection(SolutionProperties) = preSolution
		HideSolutionNode = FALSE
	EndGlobalSection
	GlobalSection(ExtensibilityGlobals) = postSolution
		SolutionGuid = {3B0822A1-9772-400A-8AA0-23EC82AB69A5}
	EndGlobalSection
EndGlobal
